
Microsoft Visual Studio Solution File, Format Version 12.00
# Visual Studio 14
VisualStudioVersion = 14.0.24720.0
MinimumVisualStudioVersion = 10.0.40219.1
Project("{FAE04EC0-301F-11D3-BF4B-00C04F79EFBC}") = "NerdsoftLeadTracker", "NerdsoftLeadTracker\NerdsoftLeadTracker.csproj", "{D37545F1-BA81-4FC1-AA82-35C9207E2982}"
EndProject
Project("{FAE04EC0-301F-11D3-BF4B-00C04F79EFBC}") = "NerdsoftLeadTrackerEntities", "NerdsoftLeadTrackerEntities\NerdsoftLeadTrackerEntities.csproj", "{F404ADAB-E8B1-45E0-8C2E-89D555569E1C}"
EndProject
Project("{FAE04EC0-301F-11D3-BF4B-00C04F79EFBC}") = "NerdsoftLeadTracker.API", "NerdsoftLeadTrackerAPI\NerdsoftLeadTracker.API.csproj", "{A912AB10-8B6B-4A02-8B8F-029C175134C5}"
EndProject
Global
	GlobalSection(SolutionConfigurationPlatforms) = preSolution
		Debug|Any CPU = Debug|Any CPU
		Release|Any CPU = Release|Any CPU
	EndGlobalSection
	GlobalSection(ProjectConfigurationPlatforms) = postSolution
		{D37545F1-BA81-4FC1-AA82-35C9207E2982}.Debug|Any CPU.ActiveCfg = Debug|Any CPU
		{D37545F1-BA81-4FC1-AA82-35C9207E2982}.Debug|Any CPU.Build.0 = Debug|Any CPU
		{D37545F1-BA81-4FC1-AA82-35C9207E2982}.Release|Any CPU.ActiveCfg = Release|Any CPU
		{D37545F1-BA81-4FC1-AA82-35C9207E2982}.Release|Any CPU.Build.0 = Release|Any CPU
		{F404ADAB-E8B1-45E0-8C2E-89D555569E1C}.Debug|Any CPU.ActiveCfg = Debug|Any CPU
		{F404ADAB-E8B1-45E0-8C2E-89D555569E1C}.Debug|Any CPU.Build.0 = Debug|Any CPU
		{F404ADAB-E8B1-45E0-8C2E-89D555569E1C}.Release|Any CPU.ActiveCfg = Release|Any CPU
		{F404ADAB-E8B1-45E0-8C2E-89D555569E1C}.Release|Any CPU.Build.0 = Release|Any CPU
		{A912AB10-8B6B-4A02-8B8F-029C175134C5}.Debug|Any CPU.ActiveCfg = Debug|Any CPU
		{A912AB10-8B6B-4A02-8B8F-029C175134C5}.Debug|Any CPU.Build.0 = Debug|Any CPU
		{A912AB10-8B6B-4A02-8B8F-029C175134C5}.Release|Any CPU.ActiveCfg = Release|Any CPU
		{A912AB10-8B6B-4A02-8B8F-029C175134C5}.Release|Any CPU.Build.0 = Release|Any CPU
	EndGlobalSection
	GlobalSection(SolutionProperties) = preSolution
		HideSolutionNode = FALSE
	EndGlobalSection
EndGlobal
